{
  "name": "@dazn/chaos-squirrel-runner-wrapper",
  "version": "0.10.1",
  "lockfileVersion": 1,
  "requires": true,
  "dependencies": {
    "@dazn/chaos-squirrel-runner": {
      "version": "0.9.7",
      "dev": true,
      "dependencies": {
        "@dazn/chaos-squirrel-attack-cpu": {}
      }
    }
  }
}
