{
  "name": "chaos-squirrel-example",
  "version": "1.0.0",
  "lockfileVersion": 1,
  "requires": true,
  "dependencies": {
    "@dazn/chaos-squirrel-attack-cpu": {
      "version": "0.2.0",
      "resolved": "https://npm.daznplatform.com/@dazn/chaos-squirrel-attack-cpu/-/chaos-squirrel-attack-cpu-0.2.0.tgz",
      "integrity": "sha1-LrLLGtsva+PhWFIdH4y1uywwKVY="
    },
    "@dazn/chaos-squirrel-runner": {
      "version": "0.2.0",
      "resolved": "https://npm.daznplatform.com/@dazn/chaos-squirrel-runner/-/chaos-squirrel-runner-0.2.0.tgz",
      "integrity": "sha1-Dhx5Izk7bWg3KZ2DQ/idgw+P1gM="
    }
  }
}
