{
  "name": "chaos-squirrel-example",
  "version": "1.0.0",
  "lockfileVersion": 1,
  "requires": true,
  "dependencies": {
    "@dazn/chaos-squirrel-attack-cpu": {
      "version": "0.2.0",
      "resolved": "https://registry.npmjs.org/@dazn/chaos-squirrel-attack-cpu/-/chaos-squirrel-attack-cpu-0.2.0.tgz",
      "integrity": "sha512-zwqghlXUf3xW5U0tI9JzJOcvg1TZ6g4fIbhaYSJxeR7QtBPMPm4hsnBzPoiJSq3M68XDucjhm6AXV+rxvqmTXg=="
    },
    "@dazn/chaos-squirrel-runner": {
      "version": "0.2.0",
      "resolved": "https://registry.npmjs.org/@dazn/chaos-squirrel-runner/-/chaos-squirrel-runner-0.2.0.tgz",
      "integrity": "sha512-dWnVrjkRPXE4GVFBE2h9yRVAjO/VXYssASy2kdyoYqoWNlA2/N/MyYArDBPt5TZi8vBLffXR6o6YlB00xl6flQ=="
    }
  }
}
